
Microsoft Visual Studio Solution File, Format Version 12.00
# Visual Studio Version 16
VisualStudioVersion = 16.0.30011.22
MinimumVisualStudioVersion = 10.0.40219.1
Project("{FAE04EC0-301F-11D3-BF4B-00C04F79EFBC}") = "LasterDistanceMeterHack", "LasterDistanceMeterHack\LasterDistanceMeterHack.csproj", "{77E76C6A-851F-4889-B0C1-3EE2F86673DD}"
EndProject
Global
	GlobalSection(SolutionConfigurationPlatforms) = preSolution
		Debug|Any CPU = Debug|Any CPU
		Release|Any CPU = Release|Any CPU
	EndGlobalSection
	GlobalSection(ProjectConfigurationPlatforms) = postSolution
		{77E76C6A-851F-4889-B0C1-3EE2F86673DD}.Debug|Any CPU.ActiveCfg = Debug|Any CPU
		{77E76C6A-851F-4889-B0C1-3EE2F86673DD}.Debug|Any CPU.Build.0 = Debug|Any CPU
		{77E76C6A-851F-4889-B0C1-3EE2F86673DD}.Release|Any CPU.ActiveCfg = Release|Any CPU
		{77E76C6A-851F-4889-B0C1-3EE2F86673DD}.Release|Any CPU.Build.0 = Release|Any CPU
	EndGlobalSection
	GlobalSection(SolutionProperties) = preSolution
		HideSolutionNode = FALSE
	EndGlobalSection
	GlobalSection(ExtensibilityGlobals) = postSolution
		SolutionGuid = {1CBFEE40-7BA6-41E7-8ACB-9503555C3CBD}
	EndGlobalSection
EndGlobal
